// !$*UTF8*$!
{
	archiveVersion = 1;
	classes = {
	};
	objectVersion = 55;
	objects = {

/* Begin PBXBuildFile section */
		698D2F4127A00F71004274BC /* AppDelegate.swift in Sources */ = {isa = PBXBuildFile; fileRef = 698D2F4027A00F71004274BC /* AppDelegate.swift */; };
		698D2F4327A00F71004274BC /* SceneDelegate.swift in Sources */ = {isa = PBXBuildFile; fileRef = 698D2F4227A00F71004274BC /* SceneDelegate.swift */; };
		698D2F4527A00F71004274BC /* ViewController.swift in Sources */ = {isa = PBXBuildFile; fileRef = 698D2F4427A00F71004274BC /* ViewController.swift */; };
		698D2F4827A00F71004274BC /* Main.storyboard in Resources */ = {isa = PBXBuildFile; fileRef = 698D2F4627A00F71004274BC /* Main.storyboard */; };
		698D2F4A27A00F73004274BC /* Assets.xcassets in Resources */ = {isa = PBXBuildFile; fileRef = 698D2F4927A00F73004274BC /* Assets.xcassets */; };
		698D2F4D27A00F73004274BC /* LaunchScreen.storyboard in Resources */ = {isa = PBXBuildFile; fileRef = 698D2F4B27A00F73004274BC /* LaunchScreen.storyboard */; };
		698D2F5827A00F73004274BC /* HomeWork_6_3Tests.swift in Sources */ = {isa = PBXBuildFile; fileRef = 698D2F5727A00F73004274BC /* HomeWork_6_3Tests.swift */; };
		698D2F6227A00F73004274BC /* HomeWork_6_3UITests.swift in Sources */ = {isa = PBXBuildFile; fileRef = 698D2F6127A00F73004274BC /* HomeWork_6_3UITests.swift */; };
		698D2F6427A00F73004274BC /* HomeWork_6_3UITestsLaunchTests.swift in Sources */ = {isa = PBXBuildFile; fileRef = 698D2F6327A00F73004274BC /* HomeWork_6_3UITestsLaunchTests.swift */; };
		698D2F7127A011B3004274BC /* CastomCell.swift in Sources */ = {isa = PBXBuildFile; fileRef = 698D2F7027A011B3004274BC /* CastomCell.swift */; };
/* End PBXBuildFile section */

/* Begin PBXContainerItemProxy section */
		698D2F5427A00F73004274BC /* PBXContainerItemProxy */ = {
			isa = PBXContainerItemProxy;
			containerPortal = 698D2F3527A00F71004274BC /* Project object */;
			proxyType = 1;
			remoteGlobalIDString = 698D2F3C27A00F71004274BC;
			remoteInfo = "HomeWork#6.3";
		};
		698D2F5E27A00F73004274BC /* PBXContainerItemProxy */ = {
			isa = PBXContainerItemProxy;
			containerPortal = 698D2F3527A00F71004274BC /* Project object */;
			proxyType = 1;
			remoteGlobalIDString = 698D2F3C27A00F71004274BC;
			remoteInfo = "HomeWork#6.3";
		};
/* End PBXContainerItemProxy section */

/* Begin PBXFileReference section */
		698D2F3D27A00F71004274BC /* HomeWork#6.3.app */ = {isa = PBXFileReference; explicitFileType = wrapper.application; includeInIndex = 0; path = "HomeWork#6.3.app"; sourceTree = BUILT_PRODUCTS_DIR; };
		698D2F4027A00F71004274BC /* AppDelegate.swift */ = {isa = PBXFileReference; lastKnownFileType = sourcecode.swift; path = AppDelegate.swift; sourceTree = "<group>"; };
		698D2F4227A00F71004274BC /* SceneDelegate.swift */ = {isa = PBXFileReference; lastKnownFileType = sourcecode.swift; path = SceneDelegate.swift; sourceTree = "<group>"; };
		698D2F4427A00F71004274BC /* ViewController.swift */ = {isa = PBXFileReference; lastKnownFileType = sourcecode.swift; path = ViewController.swift; sourceTree = "<group>"; };
		698D2F4727A00F71004274BC /* Base */ = {isa = PBXFileReference; lastKnownFileType = file.storyboard; name = Base; path = Base.lproj/Main.storyboard; sourceTree = "<group>"; };
		698D2F4927A00F73004274BC /* Assets.xcassets */ = {isa = PBXFileReference; lastKnownFileType = folder.assetcatalog; path = Assets.xcassets; sourceTree = "<group>"; };
		698D2F4C27A00F73004274BC /* Base */ = {isa = PBXFileReference; lastKnownFileType = file.storyboard; name = Base; path = Base.lproj/LaunchScreen.storyboard; sourceTree = "<group>"; };
		698D2F4E27A00F73004274BC /* Info.plist */ = {isa = PBXFileReference; lastKnownFileType = text.plist.xml; path = Info.plist; sourceTree = "<group>"; };
		698D2F5327A00F73004274BC /* HomeWork#6.3Tests.xctest */ = {isa = PBXFileReference; explicitFileType = wrapper.cfbundle; includeInIndex = 0; path = "HomeWork#6.3Tests.xctest"; sourceTree = BUILT_PRODUCTS_DIR; };
		698D2F5727A00F73004274BC /* HomeWork_6_3Tests.swift */ = {isa = PBXFileReference; lastKnownFileType = sourcecode.swift; path = HomeWork_6_3Tests.swift; sourceTree = "<group>"; };
		698D2F5D27A00F73004274BC /* HomeWork#6.3UITests.xctest */ = {isa = PBXFileReference; explicitFileType = wrapper.cfbundle; includeInIndex = 0; path = "HomeWork#6.3UITests.xctest"; sourceTree = BUILT_PRODUCTS_DIR; };
		698D2F6127A00F73004274BC /* HomeWork_6_3UITests.swift */ = {isa = PBXFileReference; lastKnownFileType = sourcecode.swift; path = HomeWork_6_3UITests.swift; sourceTree = "<group>"; };
		698D2F6327A00F73004274BC /* HomeWork_6_3UITestsLaunchTests.swift */ = {isa = PBXFileReference; lastKnownFileType = sourcecode.swift; path = HomeWork_6_3UITestsLaunchTests.swift; sourceTree = "<group>"; };
		698D2F7027A011B3004274BC /* CastomCell.swift */ = {isa = PBXFileReference; lastKnownFileType = sourcecode.swift; path = CastomCell.swift; sourceTree = "<group>"; };
/* End PBXFileReference section */

/* Begin PBXFrameworksBuildPhase section */
		698D2F3A27A00F71004274BC /* Frameworks */ = {
			isa = PBXFrameworksBuildPhase;
			buildActionMask = 2147483647;
			files = (
			);
			runOnlyForDeploymentPostprocessing = 0;
		};
		698D2F5027A00F73004274BC /* Frameworks */ = {
			isa = PBXFrameworksBuildPhase;
			buildActionMask = 2147483647;
			files = (
			);
			runOnlyForDeploymentPostprocessing = 0;
		};
		698D2F5A27A00F73004274BC /* Frameworks */ = {
			isa = PBXFrameworksBuildPhase;
			buildActionMask = 2147483647;
			files = (
			);
			runOnlyForDeploymentPostprocessing = 0;
		};
/* End PBXFrameworksBuildPhase section */

/* Begin PBXGroup section */
		698D2F3427A00F71004274BC = {
			isa = PBXGroup;
			children = (
				698D2F3F27A00F71004274BC /* HomeWork#6.3 */,
				698D2F5627A00F73004274BC /* HomeWork#6.3Tests */,
				698D2F6027A00F73004274BC /* HomeWork#6.3UITests */,
				698D2F3E27A00F71004274BC /* Products */,
			);
			sourceTree = "<group>";
		};
		698D2F3E27A00F71004274BC /* Products */ = {
			isa = PBXGroup;
			children = (
				698D2F3D27A00F71004274BC /* HomeWork#6.3.app */,
				698D2F5327A00F73004274BC /* HomeWork#6.3Tests.xctest */,
				698D2F5D27A00F73004274BC /* HomeWork#6.3UITests.xctest */,
			);
			name = Products;
			sourceTree = "<group>";
		};
		698D2F3F27A00F71004274BC /* HomeWork#6.3 */ = {
			isa = PBXGroup;
			children = (
				698D2F4027A00F71004274BC /* AppDelegate.swift */,
				698D2F4227A00F71004274BC /* SceneDelegate.swift */,
				698D2F4427A00F71004274BC /* ViewController.swift */,
				698D2F4627A00F71004274BC /* Main.storyboard */,
				698D2F4927A00F73004274BC /* Assets.xcassets */,
				698D2F4B27A00F73004274BC /* LaunchScreen.storyboard */,
				698D2F4E27A00F73004274BC /* Info.plist */,
				698D2F7027A011B3004274BC /* CastomCell.swift */,
			);
			path = "HomeWork#6.3";
			sourceTree = "<group>";
		};
		698D2F5627A00F73004274BC /* HomeWork#6.3Tests */ = {
			isa = PBXGroup;
			children = (
				698D2F5727A00F73004274BC /* HomeWork_6_3Tests.swift */,
			);
			path = "HomeWork#6.3Tests";
			sourceTree = "<group>";
		};
		698D2F6027A00F73004274BC /* HomeWork#6.3UITests */ = {
			isa = PBXGroup;
			children = (
				698D2F6127A00F73004274BC /* HomeWork_6_3UITests.swift */,
				698D2F6327A00F73004274BC /* HomeWork_6_3UITestsLaunchTests.swift */,
			);
			path = "HomeWork#6.3UITests";
			sourceTree = "<group>";
		};
/* End PBXGroup section */

/* Begin PBXNativeTarget section */
		698D2F3C27A00F71004274BC /* HomeWork#6.3 */ = {
			isa = PBXNativeTarget;
			buildConfigurationList = 698D2F6727A00F73004274BC /* Build configuration list for PBXNativeTarget "HomeWork#6.3" */;
			buildPhases = (
				698D2F3927A00F71004274BC /* Sources */,
				698D2F3A27A00F71004274BC /* Frameworks */,
				698D2F3B27A00F71004274BC /* Resources */,
			);
			buildRules = (
			);
			dependencies = (
			);
			name = "HomeWork#6.3";
			productName = "HomeWork#6.3";
			productReference = 698D2F3D27A00F71004274BC /* HomeWork#6.3.app */;
			productType = "com.apple.product-type.application";
		};
		698D2F5227A00F73004274BC /* HomeWork#6.3Tests */ = {
			isa = PBXNativeTarget;
			buildConfigurationList = 698D2F6A27A00F73004274BC /* Build configuration list for PBXNativeTarget "HomeWork#6.3Tests" */;
			buildPhases = (
				698D2F4F27A00F73004274BC /* Sources */,
				698D2F5027A00F73004274BC /* Frameworks */,
				698D2F5127A00F73004274BC /* Resources */,
			);
			buildRules = (
			);
			dependencies = (
				698D2F5527A00F73004274BC /* PBXTargetDependency */,
			);
			name = "HomeWork#6.3Tests";
			productName = "HomeWork#6.3Tests";
			productReference = 698D2F5327A00F73004274BC /* HomeWork#6.3Tests.xctest */;
			productType = "com.apple.product-type.bundle.unit-test";
		};
		698D2F5C27A00F73004274BC /* HomeWork#6.3UITests */ = {
			isa = PBXNativeTarget;
			buildConfigurationList = 698D2F6D27A00F73004274BC /* Build configuration list for PBXNativeTarget "HomeWork#6.3UITests" */;
			buildPhases = (
				698D2F5927A00F73004274BC /* Sources */,
				698D2F5A27A00F73004274BC /* Frameworks */,
				698D2F5B27A00F73004274BC /* Resources */,
			);
			buildRules = (
			);
			dependencies = (
				698D2F5F27A00F73004274BC /* PBXTargetDependency */,
			);
			name = "HomeWork#6.3UITests";
			productName = "HomeWork#6.3UITests";
			productReference = 698D2F5D27A00F73004274BC /* HomeWork#6.3UITests.xctest */;
			productType = "com.apple.product-type.bundle.ui-testing";
		};
/* End PBXNativeTarget section */

/* Begin PBXProject section */
		698D2F3527A00F71004274BC /* Project object */ = {
			isa = PBXProject;
			attributes = {
				BuildIndependentTargetsInParallel = 1;
				LastSwiftUpdateCheck = 1310;
				LastUpgradeCheck = 1310;
				TargetAttributes = {
					698D2F3C27A00F71004274BC = {
						CreatedOnToolsVersion = 13.1;
					};
					698D2F5227A00F73004274BC = {
						CreatedOnToolsVersion = 13.1;
						TestTargetID = 698D2F3C27A00F71004274BC;
					};
					698D2F5C27A00F73004274BC = {
						CreatedOnToolsVersion = 13.1;
						TestTargetID = 698D2F3C27A00F71004274BC;
					};
				};
			};
			buildConfigurationList = 698D2F3827A00F71004274BC /* Build configuration list for PBXProject "HomeWork#6.3" */;
			compatibilityVersion = "Xcode 13.0";
			developmentRegion = en;
			hasScannedForEncodings = 0;
			knownRegions = (
				en,
				Base,
			);
			mainGroup = 698D2F3427A00F71004274BC;
			productRefGroup = 698D2F3E27A00F71004274BC /* Products */;
			projectDirPath = "";
			projectRoot = "";
			targets = (
				698D2F3C27A00F71004274BC /* HomeWork#6.3 */,
				698D2F5227A00F73004274BC /* HomeWork#6.3Tests */,
				698D2F5C27A00F73004274BC /* HomeWork#6.3UITests */,
			);
		};
/* End PBXProject section */

/* Begin PBXResourcesBuildPhase section */
		698D2F3B27A00F71004274BC /* Resources */ = {
			isa = PBXResourcesBuildPhase;
			buildActionMask = 2147483647;
			files = (
				698D2F4D27A00F73004274BC /* LaunchScreen.storyboard in Resources */,
				698D2F4A27A00F73004274BC /* Assets.xcassets in Resources */,
				698D2F4827A00F71004274BC /* Main.storyboard in Resources */,
			);
			runOnlyForDeploymentPostprocessing = 0;
		};
		698D2F5127A00F73004274BC /* Resources */ = {
			isa = PBXResourcesBuildPhase;
			buildActionMask = 2147483647;
			files = (
			);
			runOnlyForDeploymentPostprocessing = 0;
		};
		698D2F5B27A00F73004274BC /* Resources */ = {
			isa = PBXResourcesBuildPhase;
			buildActionMask = 2147483647;
			files = (
			);
			runOnlyForDeploymentPostprocessing = 0;
		};
/* End PBXResourcesBuildPhase section */

/* Begin PBXSourcesBuildPhase section */
		698D2F3927A00F71004274BC /* Sources */ = {
			isa = PBXSourcesBuildPhase;
			buildActionMask = 2147483647;
			files = (
				698D2F4527A00F71004274BC /* ViewController.swift in Sources */,
				698D2F4127A00F71004274BC /* AppDelegate.swift in Sources */,
				698D2F7127A011B3004274BC /* CastomCell.swift in Sources */,
				698D2F4327A00F71004274BC /* SceneDelegate.swift in Sources */,
			);
			runOnlyForDeploymentPostprocessing = 0;
		};
		698D2F4F27A00F73004274BC /* Sources */ = {
			isa = PBXSourcesBuildPhase;
			buildActionMask = 2147483647;
			files = (
				698D2F5827A00F73004274BC /* HomeWork_6_3Tests.swift in Sources */,
			);
			runOnlyForDeploymentPostprocessing = 0;
		};
		698D2F5927A00F73004274BC /* Sources */ = {
			isa = PBXSourcesBuildPhase;
			buildActionMask = 2147483647;
			files = (
				698D2F6227A00F73004274BC /* HomeWork_6_3UITests.swift in Sources */,
				698D2F6427A00F73004274BC /* HomeWork_6_3UITestsLaunchTests.swift in Sources */,
			);
			runOnlyForDeploymentPostprocessing = 0;
		};
/* End PBXSourcesBuildPhase section */

/* Begin PBXTargetDependency section */
		698D2F5527A00F73004274BC /* PBXTargetDependency */ = {
			isa = PBXTargetDependency;
			target = 698D2F3C27A00F71004274BC /* HomeWork#6.3 */;
			targetProxy = 698D2F5427A00F73004274BC /* PBXContainerItemProxy */;
		};
		698D2F5F27A00F73004274BC /* PBXTargetDependency */ = {
			isa = PBXTargetDependency;
			target = 698D2F3C27A00F71004274BC /* HomeWork#6.3 */;
			targetProxy = 698D2F5E27A00F73004274BC /* PBXContainerItemProxy */;
		};
/* End PBXTargetDependency section */

/* Begin PBXVariantGroup section */
		698D2F4627A00F71004274BC /* Main.storyboard */ = {
			isa = PBXVariantGroup;
			children = (
				698D2F4727A00F71004274BC /* Base */,
			);
			name = Main.storyboard;
			sourceTree = "<group>";
		};
		698D2F4B27A00F73004274BC /* LaunchScreen.storyboard */ = {
			isa = PBXVariantGroup;
			children = (
				698D2F4C27A00F73004274BC /* Base */,
			);
			name = LaunchScreen.storyboard;
			sourceTree = "<group>";
		};
/* End PBXVariantGroup section */

/* Begin XCBuildConfiguration section */
		698D2F6527A00F73004274BC /* Debug */ = {
			isa = XCBuildConfiguration;
			buildSettings = {
				ALWAYS_SEARCH_USER_PATHS = NO;
				CLANG_ANALYZER_NONNULL = YES;
				CLANG_ANALYZER_NUMBER_OBJECT_CONVERSION = YES_AGGRESSIVE;
				CLANG_CXX_LANGUAGE_STANDARD = "gnu++17";
				CLANG_CXX_LIBRARY = "libc++";
				CLANG_ENABLE_MODULES = YES;
				CLANG_ENABLE_OBJC_ARC = YES;
				CLANG_ENABLE_OBJC_WEAK = YES;
				CLANG_WARN_BLOCK_CAPTURE_AUTORELEASING = YES;
				CLANG_WARN_BOOL_CONVERSION = YES;
				CLANG_WARN_COMMA = YES;
				CLANG_WARN_CONSTANT_CONVERSION = YES;
				CLANG_WARN_DEPRECATED_OBJC_IMPLEMENTATIONS = YES;
				CLANG_WARN_DIRECT_OBJC_ISA_USAGE = YES_ERROR;
				CLANG_WARN_DOCUMENTATION_COMMENTS = YES;
				CLANG_WARN_EMPTY_BODY = YES;
				CLANG_WARN_ENUM_CONVERSION = YES;
				CLANG_WARN_INFINITE_RECURSION = YES;
				CLANG_WARN_INT_CONVERSION = YES;
				CLANG_WARN_NON_LITERAL_NULL_CONVERSION = YES;
				CLANG_WARN_OBJC_IMPLICIT_RETAIN_SELF = YES;
				CLANG_WARN_OBJC_LITERAL_CONVERSION = YES;
				CLANG_WARN_OBJC_ROOT_CLASS = YES_ERROR;
				CLANG_WARN_QUOTED_INCLUDE_IN_FRAMEWORK_HEADER = YES;
				CLANG_WARN_RANGE_LOOP_ANALYSIS = YES;
				CLANG_WARN_STRICT_PROTOTYPES = YES;
				CLANG_WARN_SUSPICIOUS_MOVE = YES;
				CLANG_WARN_UNGUARDED_AVAILABILITY = YES_AGGRESSIVE;
				CLANG_WARN_UNREACHABLE_CODE = YES;
				CLANG_WARN__DUPLICATE_METHOD_MATCH = YES;
				COPY_PHASE_STRIP = NO;
				DEBUG_INFORMATION_FORMAT = dwarf;
				ENABLE_STRICT_OBJC_MSGSEND = YES;
				ENABLE_TESTABILITY = YES;
				GCC_C_LANGUAGE_STANDARD = gnu11;
				GCC_DYNAMIC_NO_PIC = NO;
				GCC_NO_COMMON_BLOCKS = YES;
				GCC_OPTIMIZATION_LEVEL = 0;
				GCC_PREPROCESSOR_DEFINITIONS = (
					"DEBUG=1",
					"$(inherited)",
				);
				GCC_WARN_64_TO_32_BIT_CONVERSION = YES;
				GCC_WARN_ABOUT_RETURN_TYPE = YES_ERROR;
				GCC_WARN_UNDECLARED_SELECTOR = YES;
				GCC_WARN_UNINITIALIZED_AUTOS = YES_AGGRESSIVE;
				GCC_WARN_UNUSED_FUNCTION = YES;
				GCC_WARN_UNUSED_VARIABLE = YES;
				IPHONEOS_DEPLOYMENT_TARGET = 15.0;
				MTL_ENABLE_DEBUG_INFO = INCLUDE_SOURCE;
				MTL_FAST_MATH = YES;
				ONLY_ACTIVE_ARCH = YES;
				SDKROOT = iphoneos;
				SWIFT_ACTIVE_COMPILATION_CONDITIONS = DEBUG;
				SWIFT_OPTIMIZATION_LEVEL = "-Onone";
			};
			name = Debug;
		};
		698D2F6627A00F73004274BC /* Release */ = {
			isa = XCBuildConfiguration;
			buildSettings = {
				ALWAYS_SEARCH_USER_PATHS = NO;
				CLANG_ANALYZER_NONNULL = YES;
				CLANG_ANALYZER_NUMBER_OBJECT_CONVERSION = YES_AGGRESSIVE;
				CLANG_CXX_LANGUAGE_STANDARD = "gnu++17";
				CLANG_CXX_LIBRARY = "libc++";
				CLANG_ENABLE_MODULES = YES;
				CLANG_ENABLE_OBJC_ARC = YES;
				CLANG_ENABLE_OBJC_WEAK = YES;
				CLANG_WARN_BLOCK_CAPTURE_AUTORELEASING = YES;
				CLANG_WARN_BOOL_CONVERSION = YES;
				CLANG_WARN_COMMA = YES;
				CLANG_WARN_CONSTANT_CONVERSION = YES;
				CLANG_WARN_DEPRECATED_OBJC_IMPLEMENTATIONS = YES;
				CLANG_WARN_DIRECT_OBJC_ISA_USAGE = YES_ERROR;
				CLANG_WARN_DOCUMENTATION_COMMENTS = YES;
				CLANG_WARN_EMPTY_BODY = YES;
				CLANG_WARN_ENUM_CONVERSION = YES;
				CLANG_WARN_INFINITE_RECURSION = YES;
				CLANG_WARN_INT_CONVERSION = YES;
				CLANG_WARN_NON_LITERAL_NULL_CONVERSION = YES;
				CLANG_WARN_OBJC_IMPLICIT_RETAIN_SELF = YES;
				CLANG_WARN_OBJC_LITERAL_CONVERSION = YES;
				CLANG_WARN_OBJC_ROOT_CLASS = YES_ERROR;
				CLANG_WARN_QUOTED_INCLUDE_IN_FRAMEWORK_HEADER = YES;
				CLANG_WARN_RANGE_LOOP_ANALYSIS = YES;
				CLANG_WARN_STRICT_PROTOTYPES = YES;
				CLANG_WARN_SUSPICIOUS_MOVE = YES;
				CLANG_WARN_UNGUARDED_AVAILABILITY = YES_AGGRESSIVE;
				CLANG_WARN_UNREACHABLE_CODE = YES;
				CLANG_WARN__DUPLICATE_METHOD_MATCH = YES;
				COPY_PHASE_STRIP = NO;
				DEBUG_INFORMATION_FORMAT = "dwarf-with-dsym";
				ENABLE_NS_ASSERTIONS = NO;
				ENABLE_STRICT_OBJC_MSGSEND = YES;
				GCC_C_LANGUAGE_STANDARD = gnu11;
				GCC_NO_COMMON_BLOCKS = YES;
				GCC_WARN_64_TO_32_BIT_CONVERSION = YES;
				GCC_WARN_ABOUT_RETURN_TYPE = YES_ERROR;
				GCC_WARN_UNDECLARED_SELECTOR = YES;
				GCC_WARN_UNINITIALIZED_AUTOS = YES_AGGRESSIVE;
				GCC_WARN_UNUSED_FUNCTION = YES;
				GCC_WARN_UNUSED_VARIABLE = YES;
				IPHONEOS_DEPLOYMENT_TARGET = 15.0;
				MTL_ENABLE_DEBUG_INFO = NO;
				MTL_FAST_MATH = YES;
				SDKROOT = iphoneos;
				SWIFT_COMPILATION_MODE = wholemodule;
				SWIFT_OPTIMIZATION_LEVEL = "-O";
				VALIDATE_PRODUCT = YES;
			};
			name = Release;
		};
		698D2F6827A00F73004274BC /* Debug */ = {
			isa = XCBuildConfiguration;
			buildSettings = {
				ASSETCATALOG_COMPILER_APPICON_NAME = AppIcon;
				ASSETCATALOG_COMPILER_GLOBAL_ACCENT_COLOR_NAME = AccentColor;
				CODE_SIGN_STYLE = Automatic;
				CURRENT_PROJECT_VERSION = 1;
				DEVELOPMENT_TEAM = FQ2695S35Q;
				GENERATE_INFOPLIST_FILE = YES;
				INFOPLIST_FILE = "HomeWork#6.3/Info.plist";
				INFOPLIST_KEY_UIApplicationSupportsIndirectInputEvents = YES;
				INFOPLIST_KEY_UILaunchStoryboardName = LaunchScreen;
				INFOPLIST_KEY_UIMainStoryboardFile = Main;
				INFOPLIST_KEY_UISupportedInterfaceOrientations_iPad = "UIInterfaceOrientationPortrait UIInterfaceOrientationPortraitUpsideDown UIInterfaceOrientationLandscapeLeft UIInterfaceOrientationLandscapeRight";
				INFOPLIST_KEY_UISupportedInterfaceOrientations_iPhone = "UIInterfaceOrientationPortrait UIInterfaceOrientationLandscapeLeft UIInterfaceOrientationLandscapeRight";
				LD_RUNPATH_SEARCH_PATHS = (
					"$(inherited)",
					"@executable_path/Frameworks",
				);
				MARKETING_VERSION = 1.0;
				PRODUCT_BUNDLE_IDENTIFIER = "HomeWorks.HomeWork-6-3";
				PRODUCT_NAME = "$(TARGET_NAME)";
				SWIFT_EMIT_LOC_STRINGS = YES;
				SWIFT_VERSION = 5.0;
				TARGETED_DEVICE_FAMILY = "1,2";
			};
			name = Debug;
		};
		698D2F6927A00F73004274BC /* Release */ = {
			isa = XCBuildConfiguration;
			buildSettings = {
				ASSETCATALOG_COMPILER_APPICON_NAME = AppIcon;
				ASSETCATALOG_COMPILER_GLOBAL_ACCENT_COLOR_NAME = AccentColor;
				CODE_SIGN_STYLE = Automatic;
				CURRENT_PROJECT_VERSION = 1;
				DEVELOPMENT_TEAM = FQ2695S35Q;
				GENERATE_INFOPLIST_FILE = YES;
				INFOPLIST_FILE = "HomeWork#6.3/Info.plist";
				INFOPLIST_KEY_UIApplicationSupportsIndirectInputEvents = YES;
				INFOPLIST_KEY_UILaunchStoryboardName = LaunchScreen;
				INFOPLIST_KEY_UIMainStoryboardFile = Main;
				INFOPLIST_KEY_UISupportedInterfaceOrientations_iPad = "UIInterfaceOrientationPortrait UIInterfaceOrientationPortraitUpsideDown UIInterfaceOrientationLandscapeLeft UIInterfaceOrientationLandscapeRight";
				INFOPLIST_KEY_UISupportedInterfaceOrientations_iPhone = "UIInterfaceOrientationPortrait UIInterfaceOrientationLandscapeLeft UIInterfaceOrientationLandscapeRight";
				LD_RUNPATH_SEARCH_PATHS = (
					"$(inherited)",
					"@executable_path/Frameworks",
				);
				MARKETING_VERSION = 1.0;
				PRODUCT_BUNDLE_IDENTIFIER = "HomeWorks.HomeWork-6-3";
				PRODUCT_NAME = "$(TARGET_NAME)";
				SWIFT_EMIT_LOC_STRINGS = YES;
				SWIFT_VERSION = 5.0;
				TARGETED_DEVICE_FAMILY = "1,2";
			};
			name = Release;
		};
		698D2F6B27A00F73004274BC /* Debug */ = {
			isa = XCBuildConfiguration;
			buildSettings = {
				ALWAYS_EMBED_SWIFT_STANDARD_LIBRARIES = YES;
				BUNDLE_LOADER = "$(TEST_HOST)";
				CODE_SIGN_STYLE = Automatic;
				CURRENT_PROJECT_VERSION = 1;
				DEVELOPMENT_TEAM = FQ2695S35Q;
				GENERATE_INFOPLIST_FILE = YES;
				IPHONEOS_DEPLOYMENT_TARGET = 15.0;
				LD_RUNPATH_SEARCH_PATHS = (
					"$(inherited)",
					"@executable_path/Frameworks",
					"@loader_path/Frameworks",
				);
				MARKETING_VERSION = 1.0;
				PRODUCT_BUNDLE_IDENTIFIER = "HomeWorks.HomeWork-6-3Tests";
				PRODUCT_NAME = "$(TARGET_NAME)";
				SWIFT_EMIT_LOC_STRINGS = NO;
				SWIFT_VERSION = 5.0;
				TARGETED_DEVICE_FAMILY = "1,2";
				TEST_HOST = "$(BUILT_PRODUCTS_DIR)/HomeWork#6.3.app/HomeWork#6.3";
			};
			name = Debug;
		};
		698D2F6C27A00F73004274BC /* Release */ = {
			isa = XCBuildConfiguration;
			buildSettings = {
				ALWAYS_EMBED_SWIFT_STANDARD_LIBRARIES = YES;
				BUNDLE_LOADER = "$(TEST_HOST)";
				CODE_SIGN_STYLE = Automatic;
				CURRENT_PROJECT_VERSION = 1;
				DEVELOPMENT_TEAM = FQ2695S35Q;
				GENERATE_INFOPLIST_FILE = YES;
				IPHONEOS_DEPLOYMENT_TARGET = 15.0;
				LD_RUNPATH_SEARCH_PATHS = (
					"$(inherited)",
					"@executable_path/Frameworks",
					"@loader_path/Frameworks",
				);
				MARKETING_VERSION = 1.0;
				PRODUCT_BUNDLE_IDENTIFIER = "HomeWorks.HomeWork-6-3Tests";
				PRODUCT_NAME = "$(TARGET_NAME)";
				SWIFT_EMIT_LOC_STRINGS = NO;
				SWIFT_VERSION = 5.0;
				TARGETED_DEVICE_FAMILY = "1,2";
				TEST_HOST = "$(BUILT_PRODUCTS_DIR)/HomeWork#6.3.app/HomeWork#6.3";
			};
			name = Release;
		};
		698D2F6E27A00F73004274BC /* Debug */ = {
			isa = XCBuildConfiguration;
			buildSettings = {
				ALWAYS_EMBED_SWIFT_STANDARD_LIBRARIES = YES;
				CODE_SIGN_STYLE = Automatic;
				CURRENT_PROJECT_VERSION = 1;
				DEVELOPMENT_TEAM = FQ2695S35Q;
				GENERATE_INFOPLIST_FILE = YES;
				LD_RUNPATH_SEARCH_PATHS = (
					"$(inherited)",
					"@executable_path/Frameworks",
					"@loader_path/Frameworks",
				);
				MARKETING_VERSION = 1.0;
				PRODUCT_BUNDLE_IDENTIFIER = "HomeWorks.HomeWork-6-3UITests";
				PRODUCT_NAME = "$(TARGET_NAME)";
				SWIFT_EMIT_LOC_STRINGS = NO;
				SWIFT_VERSION = 5.0;
				TARGETED_DEVICE_FAMILY = "1,2";
				TEST_TARGET_NAME = "HomeWork#6.3";
			};
			name = Debug;
		};
		698D2F6F27A00F73004274BC /* Release */ = {
			isa = XCBuildConfiguration;
			buildSettings = {
				ALWAYS_EMBED_SWIFT_STANDARD_LIBRARIES = YES;
				CODE_SIGN_STYLE = Automatic;
				CURRENT_PROJECT_VERSION = 1;
				DEVELOPMENT_TEAM = FQ2695S35Q;
				GENERATE_INFOPLIST_FILE = YES;
				LD_RUNPATH_SEARCH_PATHS = (
					"$(inherited)",
					"@executable_path/Frameworks",
					"@loader_path/Frameworks",
				);
				MARKETING_VERSION = 1.0;
				PRODUCT_BUNDLE_IDENTIFIER = "HomeWorks.HomeWork-6-3UITests";
				PRODUCT_NAME = "$(TARGET_NAME)";
				SWIFT_EMIT_LOC_STRINGS = NO;
				SWIFT_VERSION = 5.0;
				TARGETED_DEVICE_FAMILY = "1,2";
				TEST_TARGET_NAME = "HomeWork#6.3";
			};
			name = Release;
		};
/* End XCBuildConfiguration section */

/* Begin XCConfigurationList section */
		698D2F3827A00F71004274BC /* Build configuration list for PBXProject "HomeWork#6.3" */ = {
			isa = XCConfigurationList;
			buildConfigurations = (
				698D2F6527A00F73004274BC /* Debug */,
				698D2F6627A00F73004274BC /* Release */,
			);
			defaultConfigurationIsVisible = 0;
			defaultConfigurationName = Release;
		};
		698D2F6727A00F73004274BC /* Build configuration list for PBXNativeTarget "HomeWork#6.3" */ = {
			isa = XCConfigurationList;
			buildConfigurations = (
				698D2F6827A00F73004274BC /* Debug */,
				698D2F6927A00F73004274BC /* Release */,
			);
			defaultConfigurationIsVisible = 0;
			defaultConfigurationName = Release;
		};
		698D2F6A27A00F73004274BC /* Build configuration list for PBXNativeTarget "HomeWork#6.3Tests" */ = {
			isa = XCConfigurationList;
			buildConfigurations = (
				698D2F6B27A00F73004274BC /* Debug */,
				698D2F6C27A00F73004274BC /* Release */,
			);
			defaultConfigurationIsVisible = 0;
			defaultConfigurationName = Release;
		};
		698D2F6D27A00F73004274BC /* Build configuration list for PBXNativeTarget "HomeWork#6.3UITests" */ = {
			isa = XCConfigurationList;
			buildConfigurations = (
				698D2F6E27A00F73004274BC /* Debug */,
				698D2F6F27A00F73004274BC /* Release */,
			);
			defaultConfigurationIsVisible = 0;
			defaultConfigurationName = Release;
		};
/* End XCConfigurationList section */
	};
	rootObject = 698D2F3527A00F71004274BC /* Project object */;
}
